// !$*UTF8*$!
{
	archiveVersion = 1;
	classes = {
	};
	objectVersion = 46;
	objects = {

/* Begin PBXBuildFile section */
		8A8124541B308CD900713A4B /* AppDelegate.swift in Sources */ = {isa = PBXBuildFile; fileRef = 8A8124531B308CD900713A4B /* AppDelegate.swift */; };
		8A8124561B308CD900713A4B /* ViewController.swift in Sources */ = {isa = PBXBuildFile; fileRef = 8A8124551B308CD900713A4B /* ViewController.swift */; };
		8A8124591B308CD900713A4B /* Main.storyboard in Resources */ = {isa = PBXBuildFile; fileRef = 8A8124571B308CD900713A4B /* Main.storyboard */; };
		8A81245B1B308CD900713A4B /* Images.xcassets in Resources */ = {isa = PBXBuildFile; fileRef = 8A81245A1B308CD900713A4B /* Images.xcassets */; };
		8A81245E1B308CD900713A4B /* LaunchScreen.xib in Resources */ = {isa = PBXBuildFile; fileRef = 8A81245C1B308CD900713A4B /* LaunchScreen.xib */; };
		8A81246A1B308CD900713A4B /* DHIGitTests.swift in Sources */ = {isa = PBXBuildFile; fileRef = 8A8124691B308CD900713A4B /* DHIGitTests.swift */; };
/* End PBXBuildFile section */

/* Begin PBXContainerItemProxy section */
		8A8124641B308CD900713A4B /* PBXContainerItemProxy */ = {
			isa = PBXContainerItemProxy;
			containerPortal = 8A8124461B308CD900713A4B /* Project object */;
			proxyType = 1;
			remoteGlobalIDString = 8A81244D1B308CD900713A4B;
			remoteInfo = DHIGit;
		};
/* End PBXContainerItemProxy section */

/* Begin PBXFileReference section */
		8A81244E1B308CD900713A4B /* DHIGit.app */ = {isa = PBXFileReference; explicitFileType = wrapper.application; includeInIndex = 0; path = DHIGit.app; sourceTree = BUILT_PRODUCTS_DIR; };
		8A8124521B308CD900713A4B /* Info.plist */ = {isa = PBXFileReference; lastKnownFileType = text.plist.xml; path = Info.plist; sourceTree = "<group>"; };
		8A8124531B308CD900713A4B /* AppDelegate.swift */ = {isa = PBXFileReference; lastKnownFileType = sourcecode.swift; path = AppDelegate.swift; sourceTree = "<group>"; };
		8A8124551B308CD900713A4B /* ViewController.swift */ = {isa = PBXFileReference; lastKnownFileType = sourcecode.swift; path = ViewController.swift; sourceTree = "<group>"; };
		8A8124581B308CD900713A4B /* Base */ = {isa = PBXFileReference; lastKnownFileType = file.storyboard; name = Base; path = Base.lproj/Main.storyboard; sourceTree = "<group>"; };
		8A81245A1B308CD900713A4B /* Images.xcassets */ = {isa = PBXFileReference; lastKnownFileType = folder.assetcatalog; path = Images.xcassets; sourceTree = "<group>"; };
		8A81245D1B308CD900713A4B /* Base */ = {isa = PBXFileReference; lastKnownFileType = file.xib; name = Base; path = Base.lproj/LaunchScreen.xib; sourceTree = "<group>"; };
		8A8124631B308CD900713A4B /* DHIGitTests.xctest */ = {isa = PBXFileReference; explicitFileType = wrapper.cfbundle; includeInIndex = 0; path = DHIGitTests.xctest; sourceTree = BUILT_PRODUCTS_DIR; };
		8A8124681B308CD900713A4B /* Info.plist */ = {isa = PBXFileReference; lastKnownFileType = text.plist.xml; path = Info.plist; sourceTree = "<group>"; };
		8A8124691B308CD900713A4B /* DHIGitTests.swift */ = {isa = PBXFileReference; lastKnownFileType = sourcecode.swift; path = DHIGitTests.swift; sourceTree = "<group>"; };
/* End PBXFileReference section */

/* Begin PBXFrameworksBuildPhase section */
		8A81244B1B308CD900713A4B /* Frameworks */ = {
			isa = PBXFrameworksBuildPhase;
			buildActionMask = 2147483647;
			files = (
			);
			runOnlyForDeploymentPostprocessing = 0;
		};
		8A8124601B308CD900713A4B /* Frameworks */ = {
			isa = PBXFrameworksBuildPhase;
			buildActionMask = 2147483647;
			files = (
			);
			runOnlyForDeploymentPostprocessing = 0;
		};
/* End PBXFrameworksBuildPhase section */

/* Begin PBXGroup section */
		8A8124451B308CD900713A4B = {
			isa = PBXGroup;
			children = (
				8A8124501B308CD900713A4B /* DHIGit */,
				8A8124661B308CD900713A4B /* DHIGitTests */,
				8A81244F1B308CD900713A4B /* Products */,
			);
			sourceTree = "<group>";
		};
		8A81244F1B308CD900713A4B /* Products */ = {
			isa = PBXGroup;
			children = (
				8A81244E1B308CD900713A4B /* DHIGit.app */,
				8A8124631B308CD900713A4B /* DHIGitTests.xctest */,
			);
			name = Products;
			sourceTree = "<group>";
		};
		8A8124501B308CD900713A4B /* DHIGit */ = {
			isa = PBXGroup;
			children = (
				8A8124531B308CD900713A4B /* AppDelegate.swift */,
				8A8124551B308CD900713A4B /* ViewController.swift */,
				8A8124571B308CD900713A4B /* Main.storyboard */,
				8A81245A1B308CD900713A4B /* Images.xcassets */,
				8A81245C1B308CD900713A4B /* LaunchScreen.xib */,
				8A8124511B308CD900713A4B /* Supporting Files */,
			);
			path = DHIGit;
			sourceTree = "<group>";
		};
		8A8124511B308CD900713A4B /* Supporting Files */ = {
			isa = PBXGroup;
			children = (
				8A8124521B308CD900713A4B /* Info.plist */,
			);
			name = "Supporting Files";
			sourceTree = "<group>";
		};
		8A8124661B308CD900713A4B /* DHIGitTests */ = {
			isa = PBXGroup;
			children = (
				8A8124691B308CD900713A4B /* DHIGitTests.swift */,
				8A8124671B308CD900713A4B /* Supporting Files */,
			);
			path = DHIGitTests;
			sourceTree = "<group>";
		};
		8A8124671B308CD900713A4B /* Supporting Files */ = {
			isa = PBXGroup;
			children = (
				8A8124681B308CD900713A4B /* Info.plist */,
			);
			name = "Supporting Files";
			sourceTree = "<group>";
		};
/* End PBXGroup section */

/* Begin PBXNativeTarget section */
		8A81244D1B308CD900713A4B /* DHIGit */ = {
			isa = PBXNativeTarget;
			buildConfigurationList = 8A81246D1B308CD900713A4B /* Build configuration list for PBXNativeTarget "DHIGit" */;
			buildPhases = (
				8A81244A1B308CD900713A4B /* Sources */,
				8A81244B1B308CD900713A4B /* Frameworks */,
				8A81244C1B308CD900713A4B /* Resources */,
			);
			buildRules = (
			);
			dependencies = (
			);
			name = DHIGit;
			productName = DHIGit;
			productReference = 8A81244E1B308CD900713A4B /* DHIGit.app */;
			productType = "com.apple.product-type.application";
		};
		8A8124621B308CD900713A4B /* DHIGitTests */ = {
			isa = PBXNativeTarget;
			buildConfigurationList = 8A8124701B308CD900713A4B /* Build configuration list for PBXNativeTarget "DHIGitTests" */;
			buildPhases = (
				8A81245F1B308CD900713A4B /* Sources */,
				8A8124601B308CD900713A4B /* Frameworks */,
				8A8124611B308CD900713A4B /* Resources */,
			);
			buildRules = (
			);
			dependencies = (
				8A8124651B308CD900713A4B /* PBXTargetDependency */,
			);
			name = DHIGitTests;
			productName = DHIGitTests;
			productReference = 8A8124631B308CD900713A4B /* DHIGitTests.xctest */;
			productType = "com.apple.product-type.bundle.unit-test";
		};
/* End PBXNativeTarget section */

/* Begin PBXProject section */
		8A8124461B308CD900713A4B /* Project object */ = {
			isa = PBXProject;
			attributes = {
				LastUpgradeCheck = 0630;
				ORGANIZATIONNAME = Amgen;
				TargetAttributes = {
					8A81244D1B308CD900713A4B = {
						CreatedOnToolsVersion = 6.3.1;
					};
					8A8124621B308CD900713A4B = {
						CreatedOnToolsVersion = 6.3.1;
						TestTargetID = 8A81244D1B308CD900713A4B;
					};
				};
			};
			buildConfigurationList = 8A8124491B308CD900713A4B /* Build configuration list for PBXProject "DHIGit" */;
			compatibilityVersion = "Xcode 3.2";
			developmentRegion = English;
			hasScannedForEncodings = 0;
			knownRegions = (
				en,
				Base,
			);
			mainGroup = 8A8124451B308CD900713A4B;
			productRefGroup = 8A81244F1B308CD900713A4B /* Products */;
			projectDirPath = "";
			projectRoot = "";
			targets = (
				8A81244D1B308CD900713A4B /* DHIGit */,
				8A8124621B308CD900713A4B /* DHIGitTests */,
			);
		};
/* End PBXProject section */

/* Begin PBXResourcesBuildPhase section */
		8A81244C1B308CD900713A4B /* Resources */ = {
			isa = PBXResourcesBuildPhase;
			buildActionMask = 2147483647;
			files = (
				8A8124591B308CD900713A4B /* Main.storyboard in Resources */,
				8A81245E1B308CD900713A4B /* LaunchScreen.xib in Resources */,
				8A81245B1B308CD900713A4B /* Images.xcassets in Resources */,
			);
			runOnlyForDeploymentPostprocessing = 0;
		};
		8A8124611B308CD900713A4B /* Resources */ = {
			isa = PBXResourcesBuildPhase;
			buildActionMask = 2147483647;
			files = (
			);
			runOnlyForDeploymentPostprocessing = 0;
		};
/* End PBXResourcesBuildPhase section */

/* Begin PBXSourcesBuildPhase section */
		8A81244A1B308CD900713A4B /* Sources */ = {
			isa = PBXSourcesBuildPhase;
			buildActionMask = 2147483647;
			files = (
				8A8124561B308CD900713A4B /* ViewController.swift in Sources */,
				8A8124541B308CD900713A4B /* AppDelegate.swift in Sources */,
			);
			runOnlyForDeploymentPostprocessing = 0;
		};
		8A81245F1B308CD900713A4B /* Sources */ = {
			isa = PBXSourcesBuildPhase;
			buildActionMask = 2147483647;
			files = (
				8A81246A1B308CD900713A4B /* DHIGitTests.swift in Sources */,
			);
			runOnlyForDeploymentPostprocessing = 0;
		};
/* End PBXSourcesBuildPhase section */

/* Begin PBXTargetDependency section */
		8A8124651B308CD900713A4B /* PBXTargetDependency */ = {
			isa = PBXTargetDependency;
			target = 8A81244D1B308CD900713A4B /* DHIGit */;
			targetProxy = 8A8124641B308CD900713A4B /* PBXContainerItemProxy */;
		};
/* End PBXTargetDependency section */

/* Begin PBXVariantGroup section */
		8A8124571B308CD900713A4B /* Main.storyboard */ = {
			isa = PBXVariantGroup;
			children = (
				8A8124581B308CD900713A4B /* Base */,
			);
			name = Main.storyboard;
			sourceTree = "<group>";
		};
		8A81245C1B308CD900713A4B /* LaunchScreen.xib */ = {
			isa = PBXVariantGroup;
			children = (
				8A81245D1B308CD900713A4B /* Base */,
			);
			name = LaunchScreen.xib;
			sourceTree = "<group>";
		};
/* End PBXVariantGroup section */

/* Begin XCBuildConfiguration section */
		8A81246B1B308CD900713A4B /* Debug */ = {
			isa = XCBuildConfiguration;
			buildSettings = {
				ALWAYS_SEARCH_USER_PATHS = NO;
				CLANG_CXX_LANGUAGE_STANDARD = "gnu++0x";
				CLANG_CXX_LIBRARY = "libc++";
				CLANG_ENABLE_MODULES = YES;
				CLANG_ENABLE_OBJC_ARC = YES;
				CLANG_WARN_BOOL_CONVERSION = YES;
				CLANG_WARN_CONSTANT_CONVERSION = YES;
				CLANG_WARN_DIRECT_OBJC_ISA_USAGE = YES_ERROR;
				CLANG_WARN_EMPTY_BODY = YES;
				CLANG_WARN_ENUM_CONVERSION = YES;
				CLANG_WARN_INT_CONVERSION = YES;
				CLANG_WARN_OBJC_ROOT_CLASS = YES_ERROR;
				CLANG_WARN_UNREACHABLE_CODE = YES;
				CLANG_WARN__DUPLICATE_METHOD_MATCH = YES;
				"CODE_SIGN_IDENTITY[sdk=iphoneos*]" = "iPhone Developer";
				COPY_PHASE_STRIP = NO;
				DEBUG_INFORMATION_FORMAT = "dwarf-with-dsym";
				ENABLE_STRICT_OBJC_MSGSEND = YES;
				GCC_C_LANGUAGE_STANDARD = gnu99;
				GCC_DYNAMIC_NO_PIC = NO;
				GCC_NO_COMMON_BLOCKS = YES;
				GCC_OPTIMIZATION_LEVEL = 0;
				GCC_PREPROCESSOR_DEFINITIONS = (
					"DEBUG=1",
					"$(inherited)",
				);
				GCC_SYMBOLS_PRIVATE_EXTERN = NO;
				GCC_WARN_64_TO_32_BIT_CONVERSION = YES;
				GCC_WARN_ABOUT_RETURN_TYPE = YES_ERROR;
				GCC_WARN_UNDECLARED_SELECTOR = YES;
				GCC_WARN_UNINITIALIZED_AUTOS = YES_AGGRESSIVE;
				GCC_WARN_UNUSED_FUNCTION = YES;
				GCC_WARN_UNUSED_VARIABLE = YES;
				IPHONEOS_DEPLOYMENT_TARGET = 8.3;
				MTL_ENABLE_DEBUG_INFO = YES;
				ONLY_ACTIVE_ARCH = YES;
				SDKROOT = iphoneos;
				SWIFT_OPTIMIZATION_LEVEL = "-Onone";
				TARGETED_DEVICE_FAMILY = "1,2";
			};
			name = Debug;
		};
		8A81246C1B308CD900713A4B /* Release */ = {
			isa = XCBuildConfiguration;
			buildSettings = {
				ALWAYS_SEARCH_USER_PATHS = NO;
				CLANG_CXX_LANGUAGE_STANDARD = "gnu++0x";
				CLANG_CXX_LIBRARY = "libc++";
				CLANG_ENABLE_MODULES = YES;
				CLANG_ENABLE_OBJC_ARC = YES;
				CLANG_WARN_BOOL_CONVERSION = YES;
				CLANG_WARN_CONSTANT_CONVERSION = YES;
				CLANG_WARN_DIRECT_OBJC_ISA_USAGE = YES_ERROR;
				CLANG_WARN_EMPTY_BODY = YES;
				CLANG_WARN_ENUM_CONVERSION = YES;
				CLANG_WARN_INT_CONVERSION = YES;
				CLANG_WARN_OBJC_ROOT_CLASS = YES_ERROR;
				CLANG_WARN_UNREACHABLE_CODE = YES;
				CLANG_WARN__DUPLICATE_METHOD_MATCH = YES;
				"CODE_SIGN_IDENTITY[sdk=iphoneos*]" = "iPhone Developer";
				COPY_PHASE_STRIP = NO;
				DEBUG_INFORMATION_FORMAT = "dwarf-with-dsym";
				ENABLE_NS_ASSERTIONS = NO;
				ENABLE_STRICT_OBJC_MSGSEND = YES;
				GCC_C_LANGUAGE_STANDARD = gnu99;
				GCC_NO_COMMON_BLOCKS = YES;
				GCC_WARN_64_TO_32_BIT_CONVERSION = YES;
				GCC_WARN_ABOUT_RETURN_TYPE = YES_ERROR;
				GCC_WARN_UNDECLARED_SELECTOR = YES;
				GCC_WARN_UNINITIALIZED_AUTOS = YES_AGGRESSIVE;
				GCC_WARN_UNUSED_FUNCTION = YES;
				GCC_WARN_UNUSED_VARIABLE = YES;
				IPHONEOS_DEPLOYMENT_TARGET = 8.3;
				MTL_ENABLE_DEBUG_INFO = NO;
				SDKROOT = iphoneos;
				TARGETED_DEVICE_FAMILY = "1,2";
				VALIDATE_PRODUCT = YES;
			};
			name = Release;
		};
		8A81246E1B308CD900713A4B /* Debug */ = {
			isa = XCBuildConfiguration;
			buildSettings = {
				ASSETCATALOG_COMPILER_APPICON_NAME = AppIcon;
				INFOPLIST_FILE = DHIGit/Info.plist;
				LD_RUNPATH_SEARCH_PATHS = "$(inherited) @executable_path/Frameworks";
				PRODUCT_NAME = "$(TARGET_NAME)";
			};
			name = Debug;
		};
		8A81246F1B308CD900713A4B /* Release */ = {
			isa = XCBuildConfiguration;
			buildSettings = {
				ASSETCATALOG_COMPILER_APPICON_NAME = AppIcon;
				INFOPLIST_FILE = DHIGit/Info.plist;
				LD_RUNPATH_SEARCH_PATHS = "$(inherited) @executable_path/Frameworks";
				PRODUCT_NAME = "$(TARGET_NAME)";
			};
			name = Release;
		};
		8A8124711B308CD900713A4B /* Debug */ = {
			isa = XCBuildConfiguration;
			buildSettings = {
				BUNDLE_LOADER = "$(TEST_HOST)";
				FRAMEWORK_SEARCH_PATHS = (
					"$(SDKROOT)/Developer/Library/Frameworks",
					"$(inherited)",
				);
				GCC_PREPROCESSOR_DEFINITIONS = (
					"DEBUG=1",
					"$(inherited)",
				);
				INFOPLIST_FILE = DHIGitTests/Info.plist;
				LD_RUNPATH_SEARCH_PATHS = "$(inherited) @executable_path/Frameworks @loader_path/Frameworks";
				PRODUCT_NAME = "$(TARGET_NAME)";
				TEST_HOST = "$(BUILT_PRODUCTS_DIR)/DHIGit.app/DHIGit";
			};
			name = Debug;
		};
		8A8124721B308CD900713A4B /* Release */ = {
			isa = XCBuildConfiguration;
			buildSettings = {
				BUNDLE_LOADER = "$(TEST_HOST)";
				FRAMEWORK_SEARCH_PATHS = (
					"$(SDKROOT)/Developer/Library/Frameworks",
					"$(inherited)",
				);
				INFOPLIST_FILE = DHIGitTests/Info.plist;
				LD_RUNPATH_SEARCH_PATHS = "$(inherited) @executable_path/Frameworks @loader_path/Frameworks";
				PRODUCT_NAME = "$(TARGET_NAME)";
				TEST_HOST = "$(BUILT_PRODUCTS_DIR)/DHIGit.app/DHIGit";
			};
			name = Release;
		};
/* End XCBuildConfiguration section */

/* Begin XCConfigurationList section */
		8A8124491B308CD900713A4B /* Build configuration list for PBXProject "DHIGit" */ = {
			isa = XCConfigurationList;
			buildConfigurations = (
				8A81246B1B308CD900713A4B /* Debug */,
				8A81246C1B308CD900713A4B /* Release */,
			);
			defaultConfigurationIsVisible = 0;
			defaultConfigurationName = Release;
		};
		8A81246D1B308CD900713A4B /* Build configuration list for PBXNativeTarget "DHIGit" */ = {
			isa = XCConfigurationList;
			buildConfigurations = (
				8A81246E1B308CD900713A4B /* Debug */,
				8A81246F1B308CD900713A4B /* Release */,
			);
			defaultConfigurationIsVisible = 0;
		};
		8A8124701B308CD900713A4B /* Build configuration list for PBXNativeTarget "DHIGitTests" */ = {
			isa = XCConfigurationList;
			buildConfigurations = (
				8A8124711B308CD900713A4B /* Debug */,
				8A8124721B308CD900713A4B /* Release */,
			);
			defaultConfigurationIsVisible = 0;
		};
/* End XCConfigurationList section */
	};
	rootObject = 8A8124461B308CD900713A4B /* Project object */;
}
